
Microsoft Visual Studio Solution File, Format Version 12.00
# Visual Studio Version 17
VisualStudioVersion = 17.5.33530.505
MinimumVisualStudioVersion = 10.0.40219.1
Project("{FAE04EC0-301F-11D3-BF4B-00C04F79EFBC}") = "WindowsFormsApp1", "WindowsFormsApp1\WindowsFormsApp1.csproj", "{CEFB118F-E09C-48DA-BDB4-124704BB1009}"
EndProject
Global
	GlobalSection(SolutionConfigurationPlatforms) = preSolution
		Debug|Any CPU = Debug|Any CPU
		Release|Any CPU = Release|Any CPU
	EndGlobalSection
	GlobalSection(ProjectConfigurationPlatforms) = postSolution
		{CEFB118F-E09C-48DA-BDB4-124704BB1009}.Debug|Any CPU.ActiveCfg = Debug|Any CPU
		{CEFB118F-E09C-48DA-BDB4-124704BB1009}.Debug|Any CPU.Build.0 = Debug|Any CPU
		{CEFB118F-E09C-48DA-BDB4-124704BB1009}.Release|Any CPU.ActiveCfg = Release|Any CPU
		{CEFB118F-E09C-48DA-BDB4-124704BB1009}.Release|Any CPU.Build.0 = Release|Any CPU
	EndGlobalSection
	GlobalSection(SolutionProperties) = preSolution
		HideSolutionNode = FALSE
	EndGlobalSection
	GlobalSection(ExtensibilityGlobals) = postSolution
		SolutionGuid = {D0B75561-90FA-40FA-8B0B-62AB3446519A}
	EndGlobalSection
EndGlobal
